{
    "_meta": {
        "hash": {
            "sha256": "95f43cd991cca9186ffbf25da26ee355dfac33c4775290cd44798f0efad6f911"
        },
        "pipfile-spec": 6,
        "requires": {
            "python_version": "3.9"
        },
        "sources": [
            {
                "name": "pypi",
                "url": "https://pypi.org/simple",
                "verify_ssl": true
            }
        ]
    },
    "default": {
        "sorl-thumbnail": {
            "hashes": [
                "sha256:0cbc2f52152e7f2266e3c2cb4ae5d83afd2e96fd5e1c42e5667362baaa3d2db3",
                "sha256:ec586724bea7dc8c53561ce18335ea641fcd0e560d6387b2353a2afdd06705a4"
            ],
            "index": "pypi",
            "markers": "python_version >= '3.7'",
            "version": "==12.9.0"
        }
    },
    "develop": {}
}
